
Microsoft Visual Studio Solution File, Format Version 12.00
# Visual Studio Version 17
VisualStudioVersion = 17.0.32014.148
MinimumVisualStudioVersion = 10.0.40219.1
Project("{9A19103F-16F7-4668-BE54-9A1E7A4F7556}") = "Scorebini", "Scorebini\Scorebini.csproj", "{B609FD70-4B88-4D2F-ADA3-B328E165D0F3}"
EndProject
Project("{FAE04EC0-301F-11D3-BF4B-00C04F79EFBC}") = "ScorebiniTwitchApi", "ScorebiniTwitchApi\ScorebiniTwitchApi.csproj", "{2B77A86F-352B-486B-A646-787D65E19B1F}"
EndProject
Global
	GlobalSection(SolutionConfigurationPlatforms) = preSolution
		Debug|Any CPU = Debug|Any CPU
		Release|Any CPU = Release|Any CPU
	EndGlobalSection
	GlobalSection(ProjectConfigurationPlatforms) = postSolution
		{B609FD70-4B88-4D2F-ADA3-B328E165D0F3}.Debug|Any CPU.ActiveCfg = Debug|Any CPU
		{B609FD70-4B88-4D2F-ADA3-B328E165D0F3}.Debug|Any CPU.Build.0 = Debug|Any CPU
		{B609FD70-4B88-4D2F-ADA3-B328E165D0F3}.Release|Any CPU.ActiveCfg = Release|Any CPU
		{B609FD70-4B88-4D2F-ADA3-B328E165D0F3}.Release|Any CPU.Build.0 = Release|Any CPU
		{2B77A86F-352B-486B-A646-787D65E19B1F}.Debug|Any CPU.ActiveCfg = Debug|Any CPU
		{2B77A86F-352B-486B-A646-787D65E19B1F}.Debug|Any CPU.Build.0 = Debug|Any CPU
		{2B77A86F-352B-486B-A646-787D65E19B1F}.Release|Any CPU.ActiveCfg = Release|Any CPU
		{2B77A86F-352B-486B-A646-787D65E19B1F}.Release|Any CPU.Build.0 = Release|Any CPU
	EndGlobalSection
	GlobalSection(SolutionProperties) = preSolution
		HideSolutionNode = FALSE
	EndGlobalSection
	GlobalSection(ExtensibilityGlobals) = postSolution
		SolutionGuid = {8134B3BD-202E-40D3-9545-5973AAC54666}
	EndGlobalSection
EndGlobal
